// !$*UTF8*$!
{
	archiveVersion = 1;
	classes = {
	};
	objectVersion = 50;
	objects = {

/* Begin PBXBuildFile section */
		C54EC79221B617EF00B474F1 /* main.cpp in Sources */ = {isa = PBXBuildFile; fileRef = C54EC79121B617EF00B474F1 /* main.cpp */; };
		C54EC79A21B617FE00B474F1 /* libz.tbd in Frameworks */ = {isa = PBXBuildFile; fileRef = C54EC79921B617FE00B474F1 /* libz.tbd */; };
/* End PBXBuildFile section */

/* Begin PBXCopyFilesBuildPhase section */
		C54EC78C21B617EF00B474F1 /* CopyFiles */ = {
			isa = PBXCopyFilesBuildPhase;
			buildActionMask = 2147483647;
			dstPath = /usr/share/man/man1/;
			dstSubfolderSpec = 0;
			files = (
			);
			runOnlyForDeploymentPostprocessing = 1;
		};
/* End PBXCopyFilesBuildPhase section */

/* Begin PBXFileReference section */
		C54EC78E21B617EF00B474F1 /* WGS */ = {isa = PBXFileReference; explicitFileType = "compiled.mach-o.executable"; includeInIndex = 0; path = WGS; sourceTree = BUILT_PRODUCTS_DIR; };
		C54EC79121B617EF00B474F1 /* main.cpp */ = {isa = PBXFileReference; lastKnownFileType = sourcecode.cpp.cpp; path = main.cpp; sourceTree = "<group>"; };
		C54EC79921B617FE00B474F1 /* libz.tbd */ = {isa = PBXFileReference; lastKnownFileType = "sourcecode.text-based-dylib-definition"; name = libz.tbd; path = usr/lib/libz.tbd; sourceTree = SDKROOT; };
		C54EC79B21B6185E00B474F1 /* DataClass.h */ = {isa = PBXFileReference; lastKnownFileType = sourcecode.c.h; path = DataClass.h; sourceTree = "<group>"; };
		C54EC79C21B61C6800B474F1 /* baseFunctions.h */ = {isa = PBXFileReference; explicitFileType = sourcecode.cpp.h; fileEncoding = 4; path = baseFunctions.h; sourceTree = "<group>"; };
		C54EC79D21B61D2D00B474F1 /* help.h */ = {isa = PBXFileReference; lastKnownFileType = sourcecode.c.h; path = help.h; sourceTree = "<group>"; };
		C54EC79F21B6239D00B474F1 /* initialization.h */ = {isa = PBXFileReference; lastKnownFileType = sourcecode.c.h; path = initialization.h; sourceTree = "<group>"; };
		C54EC7A021B6282000B474F1 /* checkers.h */ = {isa = PBXFileReference; lastKnownFileType = sourcecode.c.h; path = checkers.h; sourceTree = "<group>"; };
		C54EC7A421B62A6D00B474F1 /* include */ = {isa = PBXFileReference; lastKnownFileType = folder; path = include; sourceTree = "<group>"; };
		C54EC7A521B62D6C00B474F1 /* HeaderIns.h */ = {isa = PBXFileReference; lastKnownFileType = sourcecode.c.h; path = HeaderIns.h; sourceTree = "<group>"; };
		C54EC7A621B63E9100B474F1 /* FileFunctions.h */ = {isa = PBXFileReference; lastKnownFileType = sourcecode.c.h; path = FileFunctions.h; sourceTree = "<group>"; };
		C5BB05CD23F8541000BAD8E6 /* scripts.h */ = {isa = PBXFileReference; lastKnownFileType = sourcecode.c.h; path = scripts.h; sourceTree = "<group>"; };
		C5F3C43421E37B9600B6A515 /* dataConvert.h */ = {isa = PBXFileReference; lastKnownFileType = sourcecode.c.h; path = dataConvert.h; sourceTree = "<group>"; };
/* End PBXFileReference section */

/* Begin PBXFrameworksBuildPhase section */
		C54EC78B21B617EF00B474F1 /* Frameworks */ = {
			isa = PBXFrameworksBuildPhase;
			buildActionMask = 2147483647;
			files = (
				C54EC79A21B617FE00B474F1 /* libz.tbd in Frameworks */,
			);
			runOnlyForDeploymentPostprocessing = 0;
		};
/* End PBXFrameworksBuildPhase section */

/* Begin PBXGroup section */
		C54EC78521B617EF00B474F1 = {
			isa = PBXGroup;
			children = (
				C54EC79021B617EF00B474F1 /* WGS */,
				C54EC78F21B617EF00B474F1 /* Products */,
				C54EC79821B617FE00B474F1 /* Frameworks */,
			);
			sourceTree = "<group>";
		};
		C54EC78F21B617EF00B474F1 /* Products */ = {
			isa = PBXGroup;
			children = (
				C54EC78E21B617EF00B474F1 /* WGS */,
			);
			name = Products;
			sourceTree = "<group>";
		};
		C54EC79021B617EF00B474F1 /* WGS */ = {
			isa = PBXGroup;
			children = (
				C54EC7A421B62A6D00B474F1 /* include */,
				C54EC79121B617EF00B474F1 /* main.cpp */,
				C54EC79F21B6239D00B474F1 /* initialization.h */,
				C5F3C43421E37B9600B6A515 /* dataConvert.h */,
				C54EC7A021B6282000B474F1 /* checkers.h */,
				C54EC79D21B61D2D00B474F1 /* help.h */,
				C54EC79B21B6185E00B474F1 /* DataClass.h */,
				C54EC79C21B61C6800B474F1 /* baseFunctions.h */,
				C54EC7A621B63E9100B474F1 /* FileFunctions.h */,
				C5BB05CD23F8541000BAD8E6 /* scripts.h */,
				C54EC7A521B62D6C00B474F1 /* HeaderIns.h */,
			);
			path = WGS;
			sourceTree = "<group>";
		};
		C54EC79821B617FE00B474F1 /* Frameworks */ = {
			isa = PBXGroup;
			children = (
				C54EC79921B617FE00B474F1 /* libz.tbd */,
			);
			name = Frameworks;
			sourceTree = "<group>";
		};
/* End PBXGroup section */

/* Begin PBXNativeTarget section */
		C54EC78D21B617EF00B474F1 /* WGS */ = {
			isa = PBXNativeTarget;
			buildConfigurationList = C54EC79521B617EF00B474F1 /* Build configuration list for PBXNativeTarget "WGS" */;
			buildPhases = (
				C54EC78A21B617EF00B474F1 /* Sources */,
				C54EC78B21B617EF00B474F1 /* Frameworks */,
				C54EC78C21B617EF00B474F1 /* CopyFiles */,
			);
			buildRules = (
			);
			dependencies = (
			);
			name = WGS;
			productName = WGS;
			productReference = C54EC78E21B617EF00B474F1 /* WGS */;
			productType = "com.apple.product-type.tool";
		};
/* End PBXNativeTarget section */

/* Begin PBXProject section */
		C54EC78621B617EF00B474F1 /* Project object */ = {
			isa = PBXProject;
			attributes = {
				LastUpgradeCheck = 1010;
				ORGANIZATIONNAME = "Yao Zhou";
				TargetAttributes = {
					C54EC78D21B617EF00B474F1 = {
						CreatedOnToolsVersion = 10.1;
					};
				};
			};
			buildConfigurationList = C54EC78921B617EF00B474F1 /* Build configuration list for PBXProject "WGS" */;
			compatibilityVersion = "Xcode 9.3";
			developmentRegion = en;
			hasScannedForEncodings = 0;
			knownRegions = (
				en,
			);
			mainGroup = C54EC78521B617EF00B474F1;
			productRefGroup = C54EC78F21B617EF00B474F1 /* Products */;
			projectDirPath = "";
			projectRoot = "";
			targets = (
				C54EC78D21B617EF00B474F1 /* WGS */,
			);
		};
/* End PBXProject section */

/* Begin PBXSourcesBuildPhase section */
		C54EC78A21B617EF00B474F1 /* Sources */ = {
			isa = PBXSourcesBuildPhase;
			buildActionMask = 2147483647;
			files = (
				C54EC79221B617EF00B474F1 /* main.cpp in Sources */,
			);
			runOnlyForDeploymentPostprocessing = 0;
		};
/* End PBXSourcesBuildPhase section */

/* Begin XCBuildConfiguration section */
		C54EC79321B617EF00B474F1 /* Debug */ = {
			isa = XCBuildConfiguration;
			buildSettings = {
				ALWAYS_SEARCH_USER_PATHS = NO;
				CLANG_ANALYZER_NONNULL = YES;
				CLANG_ANALYZER_NUMBER_OBJECT_CONVERSION = YES_AGGRESSIVE;
				CLANG_CXX_LANGUAGE_STANDARD = "gnu++14";
				CLANG_CXX_LIBRARY = "libc++";
				CLANG_ENABLE_MODULES = YES;
				CLANG_ENABLE_OBJC_ARC = YES;
				CLANG_ENABLE_OBJC_WEAK = YES;
				CLANG_WARN_BLOCK_CAPTURE_AUTORELEASING = YES;
				CLANG_WARN_BOOL_CONVERSION = YES;
				CLANG_WARN_COMMA = YES;
				CLANG_WARN_CONSTANT_CONVERSION = YES;
				CLANG_WARN_DEPRECATED_OBJC_IMPLEMENTATIONS = YES;
				CLANG_WARN_DIRECT_OBJC_ISA_USAGE = YES_ERROR;
				CLANG_WARN_DOCUMENTATION_COMMENTS = YES;
				CLANG_WARN_EMPTY_BODY = YES;
				CLANG_WARN_ENUM_CONVERSION = YES;
				CLANG_WARN_INFINITE_RECURSION = YES;
				CLANG_WARN_INT_CONVERSION = YES;
				CLANG_WARN_NON_LITERAL_NULL_CONVERSION = YES;
				CLANG_WARN_OBJC_IMPLICIT_RETAIN_SELF = YES;
				CLANG_WARN_OBJC_LITERAL_CONVERSION = YES;
				CLANG_WARN_OBJC_ROOT_CLASS = YES_ERROR;
				CLANG_WARN_RANGE_LOOP_ANALYSIS = YES;
				CLANG_WARN_STRICT_PROTOTYPES = YES;
				CLANG_WARN_SUSPICIOUS_MOVE = YES;
				CLANG_WARN_UNGUARDED_AVAILABILITY = YES_AGGRESSIVE;
				CLANG_WARN_UNREACHABLE_CODE = YES;
				CLANG_WARN__DUPLICATE_METHOD_MATCH = YES;
				CODE_SIGN_IDENTITY = "-";
				COPY_PHASE_STRIP = NO;
				DEBUG_INFORMATION_FORMAT = dwarf;
				ENABLE_STRICT_OBJC_MSGSEND = YES;
				ENABLE_TESTABILITY = YES;
				GCC_C_LANGUAGE_STANDARD = gnu11;
				GCC_DYNAMIC_NO_PIC = NO;
				GCC_NO_COMMON_BLOCKS = YES;
				GCC_OPTIMIZATION_LEVEL = 0;
				GCC_PREPROCESSOR_DEFINITIONS = (
					"DEBUG=1",
					"$(inherited)",
				);
				GCC_WARN_64_TO_32_BIT_CONVERSION = YES;
				GCC_WARN_ABOUT_RETURN_TYPE = YES_ERROR;
				GCC_WARN_UNDECLARED_SELECTOR = YES;
				GCC_WARN_UNINITIALIZED_AUTOS = YES_AGGRESSIVE;
				GCC_WARN_UNUSED_FUNCTION = YES;
				GCC_WARN_UNUSED_VARIABLE = YES;
				MACOSX_DEPLOYMENT_TARGET = 10.14;
				MTL_ENABLE_DEBUG_INFO = INCLUDE_SOURCE;
				MTL_FAST_MATH = YES;
				ONLY_ACTIVE_ARCH = YES;
				SDKROOT = macosx;
			};
			name = Debug;
		};
		C54EC79421B617EF00B474F1 /* Release */ = {
			isa = XCBuildConfiguration;
			buildSettings = {
				ALWAYS_SEARCH_USER_PATHS = NO;
				CLANG_ANALYZER_NONNULL = YES;
				CLANG_ANALYZER_NUMBER_OBJECT_CONVERSION = YES_AGGRESSIVE;
				CLANG_CXX_LANGUAGE_STANDARD = "gnu++14";
				CLANG_CXX_LIBRARY = "libc++";
				CLANG_ENABLE_MODULES = YES;
				CLANG_ENABLE_OBJC_ARC = YES;
				CLANG_ENABLE_OBJC_WEAK = YES;
				CLANG_WARN_BLOCK_CAPTURE_AUTORELEASING = YES;
				CLANG_WARN_BOOL_CONVERSION = YES;
				CLANG_WARN_COMMA = YES;
				CLANG_WARN_CONSTANT_CONVERSION = YES;
				CLANG_WARN_DEPRECATED_OBJC_IMPLEMENTATIONS = YES;
				CLANG_WARN_DIRECT_OBJC_ISA_USAGE = YES_ERROR;
				CLANG_WARN_DOCUMENTATION_COMMENTS = YES;
				CLANG_WARN_EMPTY_BODY = YES;
				CLANG_WARN_ENUM_CONVERSION = YES;
				CLANG_WARN_INFINITE_RECURSION = YES;
				CLANG_WARN_INT_CONVERSION = YES;
				CLANG_WARN_NON_LITERAL_NULL_CONVERSION = YES;
				CLANG_WARN_OBJC_IMPLICIT_RETAIN_SELF = YES;
				CLANG_WARN_OBJC_LITERAL_CONVERSION = YES;
				CLANG_WARN_OBJC_ROOT_CLASS = YES_ERROR;
				CLANG_WARN_RANGE_LOOP_ANALYSIS = YES;
				CLANG_WARN_STRICT_PROTOTYPES = YES;
				CLANG_WARN_SUSPICIOUS_MOVE = YES;
				CLANG_WARN_UNGUARDED_AVAILABILITY = YES_AGGRESSIVE;
				CLANG_WARN_UNREACHABLE_CODE = YES;
				CLANG_WARN__DUPLICATE_METHOD_MATCH = YES;
				CODE_SIGN_IDENTITY = "-";
				COPY_PHASE_STRIP = NO;
				DEBUG_INFORMATION_FORMAT = "dwarf-with-dsym";
				ENABLE_NS_ASSERTIONS = NO;
				ENABLE_STRICT_OBJC_MSGSEND = YES;
				GCC_C_LANGUAGE_STANDARD = gnu11;
				GCC_NO_COMMON_BLOCKS = YES;
				GCC_WARN_64_TO_32_BIT_CONVERSION = YES;
				GCC_WARN_ABOUT_RETURN_TYPE = YES_ERROR;
				GCC_WARN_UNDECLARED_SELECTOR = YES;
				GCC_WARN_UNINITIALIZED_AUTOS = YES_AGGRESSIVE;
				GCC_WARN_UNUSED_FUNCTION = YES;
				GCC_WARN_UNUSED_VARIABLE = YES;
				MACOSX_DEPLOYMENT_TARGET = 10.14;
				MTL_ENABLE_DEBUG_INFO = NO;
				MTL_FAST_MATH = YES;
				SDKROOT = macosx;
			};
			name = Release;
		};
		C54EC79621B617EF00B474F1 /* Debug */ = {
			isa = XCBuildConfiguration;
			buildSettings = {
				CODE_SIGN_STYLE = Automatic;
				PRODUCT_NAME = "$(TARGET_NAME)";
			};
			name = Debug;
		};
		C54EC79721B617EF00B474F1 /* Release */ = {
			isa = XCBuildConfiguration;
			buildSettings = {
				CODE_SIGN_STYLE = Automatic;
				PRODUCT_NAME = "$(TARGET_NAME)";
			};
			name = Release;
		};
/* End XCBuildConfiguration section */

/* Begin XCConfigurationList section */
		C54EC78921B617EF00B474F1 /* Build configuration list for PBXProject "WGS" */ = {
			isa = XCConfigurationList;
			buildConfigurations = (
				C54EC79321B617EF00B474F1 /* Debug */,
				C54EC79421B617EF00B474F1 /* Release */,
			);
			defaultConfigurationIsVisible = 0;
			defaultConfigurationName = Release;
		};
		C54EC79521B617EF00B474F1 /* Build configuration list for PBXNativeTarget "WGS" */ = {
			isa = XCConfigurationList;
			buildConfigurations = (
				C54EC79621B617EF00B474F1 /* Debug */,
				C54EC79721B617EF00B474F1 /* Release */,
			);
			defaultConfigurationIsVisible = 0;
			defaultConfigurationName = Release;
		};
/* End XCConfigurationList section */
	};
	rootObject = C54EC78621B617EF00B474F1 /* Project object */;
}
